
Microsoft Visual Studio Solution File, Format Version 12.00
# Visual Studio 15
Project("{FAE04EC0-301F-11D3-BF4B-00C04F79EFBC}") = "NumberGuesser", "NumberGuesser\NumberGuesser.csproj", "{8924610E-388E-48CB-AF20-73C1FCC42E98}"
EndProject
Global
	GlobalSection(SolutionConfigurationPlatforms) = preSolution
		Debug|anycpu = Debug|anycpu
		Release|anycpu = Release|anycpu
	EndGlobalSection
	GlobalSection(ProjectConfigurationPlatforms) = postSolution
		{8924610E-388E-48CB-AF20-73C1FCC42E98}.Debug|anycpu.ActiveCfg = Debug|anycpu
		{8924610E-388E-48CB-AF20-73C1FCC42E98}.Debug|anycpu.Build.0 = Debug|anycpu
		{8924610E-388E-48CB-AF20-73C1FCC42E98}.Release|anycpu.ActiveCfg = Release|anycpu
		{8924610E-388E-48CB-AF20-73C1FCC42E98}.Release|anycpu.Build.0 = Release|anycpu
	EndGlobalSection
EndGlobal
